
Microsoft Visual Studio Solution File, Format Version 12.00
# Visual Studio 15
VisualStudioVersion = 15.0.27703.2042
MinimumVisualStudioVersion = 10.0.40219.1
Project("{FAE04EC0-301F-11D3-BF4B-00C04F79EFBC}") = "AliDDNSNet", "AliDDNSNet\AliDDNSNet.csproj", "{F7486303-F459-4147-8FD0-C931665A0A55}"
EndProject
Global
	GlobalSection(SolutionConfigurationPlatforms) = preSolution
		Debug|Any CPU = Debug|Any CPU
		Release|Any CPU = Release|Any CPU
	EndGlobalSection
	GlobalSection(ProjectConfigurationPlatforms) = postSolution
		{F7486303-F459-4147-8FD0-C931665A0A55}.Debug|Any CPU.ActiveCfg = Debug|Any CPU
		{F7486303-F459-4147-8FD0-C931665A0A55}.Debug|Any CPU.Build.0 = Debug|Any CPU
		{F7486303-F459-4147-8FD0-C931665A0A55}.Release|Any CPU.ActiveCfg = Release|Any CPU
		{F7486303-F459-4147-8FD0-C931665A0A55}.Release|Any CPU.Build.0 = Release|Any CPU
	EndGlobalSection
	GlobalSection(SolutionProperties) = preSolution
		HideSolutionNode = FALSE
	EndGlobalSection
	GlobalSection(ExtensibilityGlobals) = postSolution
		SolutionGuid = {3B4AD0FE-BF57-4677-8036-FA4E73DF155E}
	EndGlobalSection
EndGlobal
